
Microsoft Visual Studio Solution File, Format Version 12.00
# Visual Studio Version 17
VisualStudioVersion = 17.0.32112.339
MinimumVisualStudioVersion = 10.0.40219.1
Project("{FAE04EC0-301F-11D3-BF4B-00C04F79EFBC}") = "Demo_1", "Demo_1.csproj", "{CE306547-219C-46A0-ABDF-D2DEA64B4773}"
EndProject
Global
	GlobalSection(SolutionConfigurationPlatforms) = preSolution
		Debug|Any CPU = Debug|Any CPU
		Release|Any CPU = Release|Any CPU
	EndGlobalSection
	GlobalSection(ProjectConfigurationPlatforms) = postSolution
		{CE306547-219C-46A0-ABDF-D2DEA64B4773}.Debug|Any CPU.ActiveCfg = Debug|Any CPU
		{CE306547-219C-46A0-ABDF-D2DEA64B4773}.Debug|Any CPU.Build.0 = Debug|Any CPU
		{CE306547-219C-46A0-ABDF-D2DEA64B4773}.Release|Any CPU.ActiveCfg = Release|Any CPU
		{CE306547-219C-46A0-ABDF-D2DEA64B4773}.Release|Any CPU.Build.0 = Release|Any CPU
	EndGlobalSection
	GlobalSection(SolutionProperties) = preSolution
		HideSolutionNode = FALSE
	EndGlobalSection
	GlobalSection(ExtensibilityGlobals) = postSolution
		SolutionGuid = {32EDD057-694F-4004-B68D-DEC54C226CA4}
	EndGlobalSection
EndGlobal
