
Microsoft Visual Studio Solution File, Format Version 12.00
# Visual Studio Version 16
VisualStudioVersion = 16.0.30711.63
MinimumVisualStudioVersion = 10.0.40219.1
Project("{FAE04EC0-301F-11D3-BF4B-00C04F79EFBC}") = "ConsoleAppWith3tierConnectedDemo", "ConsoleAppWith3tierConnectedDemo\ConsoleAppWith3tierConnectedDemo.csproj", "{3969C3B3-6ADB-4112-88C7-5FEE31B63713}"
	ProjectSection(ProjectDependencies) = postProject
		{8D012314-EF62-49C2-AF56-5DB74219B698} = {8D012314-EF62-49C2-AF56-5DB74219B698}
		{166E8D29-C8E3-4159-AB82-A93484722CC5} = {166E8D29-C8E3-4159-AB82-A93484722CC5}
	EndProjectSection
EndProject
Project("{FAE04EC0-301F-11D3-BF4B-00C04F79EFBC}") = "BusinessLogicLayerLirbary", "BusinessLogicLayerLirbary\BusinessLogicLayerLirbary.csproj", "{8D012314-EF62-49C2-AF56-5DB74219B698}"
EndProject
Project("{FAE04EC0-301F-11D3-BF4B-00C04F79EFBC}") = "DataAccessLayerLibrary", "DataAccessLayerLibrary\DataAccessLayerLibrary.csproj", "{166E8D29-C8E3-4159-AB82-A93484722CC5}"
	ProjectSection(ProjectDependencies) = postProject
		{8D012314-EF62-49C2-AF56-5DB74219B698} = {8D012314-EF62-49C2-AF56-5DB74219B698}
	EndProjectSection
EndProject
Global
	GlobalSection(SolutionConfigurationPlatforms) = preSolution
		Debug|Any CPU = Debug|Any CPU
		Release|Any CPU = Release|Any CPU
	EndGlobalSection
	GlobalSection(ProjectConfigurationPlatforms) = postSolution
		{3969C3B3-6ADB-4112-88C7-5FEE31B63713}.Debug|Any CPU.ActiveCfg = Debug|Any CPU
		{3969C3B3-6ADB-4112-88C7-5FEE31B63713}.Debug|Any CPU.Build.0 = Debug|Any CPU
		{3969C3B3-6ADB-4112-88C7-5FEE31B63713}.Release|Any CPU.ActiveCfg = Release|Any CPU
		{3969C3B3-6ADB-4112-88C7-5FEE31B63713}.Release|Any CPU.Build.0 = Release|Any CPU
		{8D012314-EF62-49C2-AF56-5DB74219B698}.Debug|Any CPU.ActiveCfg = Debug|Any CPU
		{8D012314-EF62-49C2-AF56-5DB74219B698}.Debug|Any CPU.Build.0 = Debug|Any CPU
		{8D012314-EF62-49C2-AF56-5DB74219B698}.Release|Any CPU.ActiveCfg = Release|Any CPU
		{8D012314-EF62-49C2-AF56-5DB74219B698}.Release|Any CPU.Build.0 = Release|Any CPU
		{166E8D29-C8E3-4159-AB82-A93484722CC5}.Debug|Any CPU.ActiveCfg = Debug|Any CPU
		{166E8D29-C8E3-4159-AB82-A93484722CC5}.Debug|Any CPU.Build.0 = Debug|Any CPU
		{166E8D29-C8E3-4159-AB82-A93484722CC5}.Release|Any CPU.ActiveCfg = Release|Any CPU
		{166E8D29-C8E3-4159-AB82-A93484722CC5}.Release|Any CPU.Build.0 = Release|Any CPU
	EndGlobalSection
	GlobalSection(SolutionProperties) = preSolution
		HideSolutionNode = FALSE
	EndGlobalSection
	GlobalSection(ExtensibilityGlobals) = postSolution
		SolutionGuid = {A657FFF1-A469-4AD5-BCCD-0242C51E08E6}
	EndGlobalSection
EndGlobal
