
Microsoft Visual Studio Solution File, Format Version 12.00
# Visual Studio Version 17
VisualStudioVersion = 17.0.32112.339
MinimumVisualStudioVersion = 10.0.40219.1
Project("{FAE04EC0-301F-11D3-BF4B-00C04F79EFBC}") = "Demo_Library1", "..\Demo_Library1\Demo_Library1.csproj", "{13776C06-18A8-4C63-BD04-36E4B92A8E0A}"
EndProject
Project("{FAE04EC0-301F-11D3-BF4B-00C04F79EFBC}") = "Demo__1", "..\Demo__1\Demo__1.csproj", "{6F64BCE2-51CC-41A8-8902-B91EB36100E8}"
EndProject
Global
	GlobalSection(SolutionConfigurationPlatforms) = preSolution
		Debug|Any CPU = Debug|Any CPU
		Release|Any CPU = Release|Any CPU
	EndGlobalSection
	GlobalSection(ProjectConfigurationPlatforms) = postSolution
		{13776C06-18A8-4C63-BD04-36E4B92A8E0A}.Debug|Any CPU.ActiveCfg = Debug|Any CPU
		{13776C06-18A8-4C63-BD04-36E4B92A8E0A}.Debug|Any CPU.Build.0 = Debug|Any CPU
		{13776C06-18A8-4C63-BD04-36E4B92A8E0A}.Release|Any CPU.ActiveCfg = Release|Any CPU
		{13776C06-18A8-4C63-BD04-36E4B92A8E0A}.Release|Any CPU.Build.0 = Release|Any CPU
		{6F64BCE2-51CC-41A8-8902-B91EB36100E8}.Debug|Any CPU.ActiveCfg = Debug|Any CPU
		{6F64BCE2-51CC-41A8-8902-B91EB36100E8}.Debug|Any CPU.Build.0 = Debug|Any CPU
		{6F64BCE2-51CC-41A8-8902-B91EB36100E8}.Release|Any CPU.ActiveCfg = Release|Any CPU
		{6F64BCE2-51CC-41A8-8902-B91EB36100E8}.Release|Any CPU.Build.0 = Release|Any CPU
	EndGlobalSection
	GlobalSection(SolutionProperties) = preSolution
		HideSolutionNode = FALSE
	EndGlobalSection
	GlobalSection(ExtensibilityGlobals) = postSolution
		SolutionGuid = {2FCE6EDD-FF5F-404B-B4B2-9C8E3ADC6E85}
	EndGlobalSection
EndGlobal
