
Microsoft Visual Studio Solution File, Format Version 12.00
# Visual Studio Version 17
VisualStudioVersion = 17.0.32112.339
MinimumVisualStudioVersion = 10.0.40219.1
Project("{FAE04EC0-301F-11D3-BF4B-00C04F79EFBC}") = "HandsOnProject", "HandsOnProject.csproj", "{9BDFD4DB-0FD8-4238-83CE-C96496E1A060}"
EndProject
Project("{FAE04EC0-301F-11D3-BF4B-00C04F79EFBC}") = "DataAccessLayer", "..\DataAccessLayer\DataAccessLayer.csproj", "{42D81D5F-46BD-4679-AB2E-D33DAE54E135}"
EndProject
Project("{FAE04EC0-301F-11D3-BF4B-00C04F79EFBC}") = "BusinessAccessLayer", "..\BusinessAccessLayer\BusinessAccessLayer.csproj", "{E7DC9A66-E761-45EC-AE16-FDDB96C9ACF4}"
EndProject
Project("{FAE04EC0-301F-11D3-BF4B-00C04F79EFBC}") = "BusinessObject", "..\BusinessObject\BusinessObject.csproj", "{34A70523-2A18-4FB7-ABAB-A1D54E47FF13}"
EndProject
Global
	GlobalSection(SolutionConfigurationPlatforms) = preSolution
		Debug|Any CPU = Debug|Any CPU
		Release|Any CPU = Release|Any CPU
	EndGlobalSection
	GlobalSection(ProjectConfigurationPlatforms) = postSolution
		{9BDFD4DB-0FD8-4238-83CE-C96496E1A060}.Debug|Any CPU.ActiveCfg = Debug|Any CPU
		{9BDFD4DB-0FD8-4238-83CE-C96496E1A060}.Debug|Any CPU.Build.0 = Debug|Any CPU
		{9BDFD4DB-0FD8-4238-83CE-C96496E1A060}.Release|Any CPU.ActiveCfg = Release|Any CPU
		{9BDFD4DB-0FD8-4238-83CE-C96496E1A060}.Release|Any CPU.Build.0 = Release|Any CPU
		{42D81D5F-46BD-4679-AB2E-D33DAE54E135}.Debug|Any CPU.ActiveCfg = Debug|Any CPU
		{42D81D5F-46BD-4679-AB2E-D33DAE54E135}.Debug|Any CPU.Build.0 = Debug|Any CPU
		{42D81D5F-46BD-4679-AB2E-D33DAE54E135}.Release|Any CPU.ActiveCfg = Release|Any CPU
		{42D81D5F-46BD-4679-AB2E-D33DAE54E135}.Release|Any CPU.Build.0 = Release|Any CPU
		{E7DC9A66-E761-45EC-AE16-FDDB96C9ACF4}.Debug|Any CPU.ActiveCfg = Debug|Any CPU
		{E7DC9A66-E761-45EC-AE16-FDDB96C9ACF4}.Debug|Any CPU.Build.0 = Debug|Any CPU
		{E7DC9A66-E761-45EC-AE16-FDDB96C9ACF4}.Release|Any CPU.ActiveCfg = Release|Any CPU
		{E7DC9A66-E761-45EC-AE16-FDDB96C9ACF4}.Release|Any CPU.Build.0 = Release|Any CPU
		{34A70523-2A18-4FB7-ABAB-A1D54E47FF13}.Debug|Any CPU.ActiveCfg = Debug|Any CPU
		{34A70523-2A18-4FB7-ABAB-A1D54E47FF13}.Debug|Any CPU.Build.0 = Debug|Any CPU
		{34A70523-2A18-4FB7-ABAB-A1D54E47FF13}.Release|Any CPU.ActiveCfg = Release|Any CPU
		{34A70523-2A18-4FB7-ABAB-A1D54E47FF13}.Release|Any CPU.Build.0 = Release|Any CPU
	EndGlobalSection
	GlobalSection(SolutionProperties) = preSolution
		HideSolutionNode = FALSE
	EndGlobalSection
	GlobalSection(ExtensibilityGlobals) = postSolution
		SolutionGuid = {98542B58-66C6-423A-BAE9-B915B584635C}
	EndGlobalSection
EndGlobal
