
Microsoft Visual Studio Solution File, Format Version 12.00
# Visual Studio Version 17
VisualStudioVersion = 17.0.32112.339
MinimumVisualStudioVersion = 10.0.40219.1
Project("{FAE04EC0-301F-11D3-BF4B-00C04F79EFBC}") = "WebApplication1", "WebApplication1.csproj", "{314BBED6-8E9E-45F5-BC98-D2F1F46FC8BB}"
EndProject
Global
	GlobalSection(SolutionConfigurationPlatforms) = preSolution
		Debug|Any CPU = Debug|Any CPU
		Release|Any CPU = Release|Any CPU
	EndGlobalSection
	GlobalSection(ProjectConfigurationPlatforms) = postSolution
		{314BBED6-8E9E-45F5-BC98-D2F1F46FC8BB}.Debug|Any CPU.ActiveCfg = Debug|Any CPU
		{314BBED6-8E9E-45F5-BC98-D2F1F46FC8BB}.Debug|Any CPU.Build.0 = Debug|Any CPU
		{314BBED6-8E9E-45F5-BC98-D2F1F46FC8BB}.Release|Any CPU.ActiveCfg = Release|Any CPU
		{314BBED6-8E9E-45F5-BC98-D2F1F46FC8BB}.Release|Any CPU.Build.0 = Release|Any CPU
	EndGlobalSection
	GlobalSection(SolutionProperties) = preSolution
		HideSolutionNode = FALSE
	EndGlobalSection
	GlobalSection(ExtensibilityGlobals) = postSolution
		SolutionGuid = {AE66E1B0-09D6-4A65-9962-F2FC642D06C0}
	EndGlobalSection
EndGlobal
