
Microsoft Visual Studio Solution File, Format Version 12.00
# Visual Studio Version 17
VisualStudioVersion = 17.0.32112.339
MinimumVisualStudioVersion = 10.0.40219.1
Project("{FAE04EC0-301F-11D3-BF4B-00C04F79EFBC}") = "ConsoleAppEntityFrameWork", "ConsoleAppEntityFrameWork.csproj", "{61A20BE4-4E00-4C62-AD67-BE54457740B9}"
EndProject
Global
	GlobalSection(SolutionConfigurationPlatforms) = preSolution
		Debug|Any CPU = Debug|Any CPU
		Release|Any CPU = Release|Any CPU
	EndGlobalSection
	GlobalSection(ProjectConfigurationPlatforms) = postSolution
		{61A20BE4-4E00-4C62-AD67-BE54457740B9}.Debug|Any CPU.ActiveCfg = Debug|Any CPU
		{61A20BE4-4E00-4C62-AD67-BE54457740B9}.Debug|Any CPU.Build.0 = Debug|Any CPU
		{61A20BE4-4E00-4C62-AD67-BE54457740B9}.Release|Any CPU.ActiveCfg = Release|Any CPU
		{61A20BE4-4E00-4C62-AD67-BE54457740B9}.Release|Any CPU.Build.0 = Release|Any CPU
	EndGlobalSection
	GlobalSection(SolutionProperties) = preSolution
		HideSolutionNode = FALSE
	EndGlobalSection
	GlobalSection(ExtensibilityGlobals) = postSolution
		SolutionGuid = {9B89C06C-3F7A-4C30-8EFD-C39F53610B19}
	EndGlobalSection
EndGlobal
